
Microsoft Visual Studio Solution File, Format Version 12.00
# Visual Studio Version 17
VisualStudioVersion = 17.0.31808.319
MinimumVisualStudioVersion = 10.0.40219.1
Project("{FAE04EC0-301F-11D3-BF4B-00C04F79EFBC}") = "Update_Delivery_Status", "Update_Delivery_Status.csproj", "{054D6084-D03B-44C9-8C26-452902AB0D63}"
EndProject
Global
	GlobalSection(SolutionConfigurationPlatforms) = preSolution
		Debug|Any CPU = Debug|Any CPU
		Debug|x86 = Debug|x86
		Release|Any CPU = Release|Any CPU
		Release|x86 = Release|x86
	EndGlobalSection
	GlobalSection(ProjectConfigurationPlatforms) = postSolution
		{054D6084-D03B-44C9-8C26-452902AB0D63}.Debug|Any CPU.ActiveCfg = Debug|Any CPU
		{054D6084-D03B-44C9-8C26-452902AB0D63}.Debug|Any CPU.Build.0 = Debug|Any CPU
		{054D6084-D03B-44C9-8C26-452902AB0D63}.Debug|x86.ActiveCfg = Debug|x86
		{054D6084-D03B-44C9-8C26-452902AB0D63}.Debug|x86.Build.0 = Debug|x86
		{054D6084-D03B-44C9-8C26-452902AB0D63}.Release|Any CPU.ActiveCfg = Release|Any CPU
		{054D6084-D03B-44C9-8C26-452902AB0D63}.Release|Any CPU.Build.0 = Release|Any CPU
		{054D6084-D03B-44C9-8C26-452902AB0D63}.Release|x86.ActiveCfg = Release|x86
		{054D6084-D03B-44C9-8C26-452902AB0D63}.Release|x86.Build.0 = Release|x86
	EndGlobalSection
	GlobalSection(SolutionProperties) = preSolution
		HideSolutionNode = FALSE
	EndGlobalSection
	GlobalSection(ExtensibilityGlobals) = postSolution
		SolutionGuid = {5C72EBA4-FD9E-43F4-A5D1-26D43DC5CFD0}
	EndGlobalSection
EndGlobal
